{
  "requires": true,
  "lockfileVersion": 1,
  "dependencies": {
    "react-native-error-boundary": {
      "version": "1.1.6",
      "resolved": "https://registry.npmjs.org/react-native-error-boundary/-/react-native-error-boundary-1.1.6.tgz",
      "integrity": "sha512-IqNcD0Qigx2Dk4fP+OcTYLH8XjbijPEmLZqCh2flLijUkEo8G/D151tRcUV6DHU0IL0ZHOB+/wF2kEUT+liPdg==",
      "dev": true
    }
  }
}
